
Microsoft Visual Studio Solution File, Format Version 12.00
Project("{FAE04EC0-301F-11D3-BF4B-00C04F79EFBC}") = "PEAK_Visuals", "PEAK_Scaled\src\PEAK_Visuals\PEAK_Visuals.csproj", "{34C127E9-40A9-4857-97C2-998C4A3C6F55}"
EndProject
Global
	GlobalSection(SolutionConfigurationPlatforms) = preSolution
		Debug|Any CPU = Debug|Any CPU
		Release|Any CPU = Release|Any CPU
	EndGlobalSection
	GlobalSection(ProjectConfigurationPlatforms) = postSolution
		{34C127E9-40A9-4857-97C2-998C4A3C6F55}.Debug|Any CPU.ActiveCfg = Debug|Any CPU
		{34C127E9-40A9-4857-97C2-998C4A3C6F55}.Debug|Any CPU.Build.0 = Debug|Any CPU
		{34C127E9-40A9-4857-97C2-998C4A3C6F55}.Release|Any CPU.ActiveCfg = Release|Any CPU
		{34C127E9-40A9-4857-97C2-998C4A3C6F55}.Release|Any CPU.Build.0 = Release|Any CPU
	EndGlobalSection
EndGlobal
